// !$*UTF8*$!
{
	archiveVersion = 1;
	classes = {
	};
	objectVersion = 46;
	objects = {

/* Begin PBXBuildFile section */
		397F18B1C8F099A3368F6B7B /* libPods-Architecto.a in Frameworks */ = {isa = PBXBuildFile; fileRef = 02937558D2B443B6423D2EA3 /* libPods-Architecto.a */; };
		A86BE406014BBC9D168A4388 /* libPods-ArchitectoTests.a in Frameworks */ = {isa = PBXBuildFile; fileRef = B28FB60E07CC001D7153EF13 /* libPods-ArchitectoTests.a */; };
		C38A03C208B0CE3DEA4FDD44 /* libPods-ArchitectoUITests.a in Frameworks */ = {isa = PBXBuildFile; fileRef = 2C31FA81459ED0FCA8A223A6 /* libPods-ArchitectoUITests.a */; };
		D03306E71E83AC7E00996230 /* main.m in Sources */ = {isa = PBXBuildFile; fileRef = D03306E61E83AC7E00996230 /* main.m */; };
		D03306EA1E83AC7E00996230 /* AppDelegate.m in Sources */ = {isa = PBXBuildFile; fileRef = D03306E91E83AC7E00996230 /* AppDelegate.m */; };
		D03306ED1E83AC7E00996230 /* ViewController.m in Sources */ = {isa = PBXBuildFile; fileRef = D03306EC1E83AC7E00996230 /* ViewController.m */; };
		D03306F01E83AC7E00996230 /* Main.storyboard in Resources */ = {isa = PBXBuildFile; fileRef = D03306EE1E83AC7E00996230 /* Main.storyboard */; };
		D03306F21E83AC7E00996230 /* Assets.xcassets in Resources */ = {isa = PBXBuildFile; fileRef = D03306F11E83AC7E00996230 /* Assets.xcassets */; };
		D03306F51E83AC7E00996230 /* LaunchScreen.storyboard in Resources */ = {isa = PBXBuildFile; fileRef = D03306F31E83AC7E00996230 /* LaunchScreen.storyboard */; };
		D03307001E83AC7E00996230 /* ArchitectoTests.m in Sources */ = {isa = PBXBuildFile; fileRef = D03306FF1E83AC7E00996230 /* ArchitectoTests.m */; };
		D033070B1E83AC7E00996230 /* ArchitectoUITests.m in Sources */ = {isa = PBXBuildFile; fileRef = D033070A1E83AC7E00996230 /* ArchitectoUITests.m */; };
/* End PBXBuildFile section */

/* Begin PBXContainerItemProxy section */
		D03306FC1E83AC7E00996230 /* PBXContainerItemProxy */ = {
			isa = PBXContainerItemProxy;
			containerPortal = D03306DA1E83AC7E00996230 /* Project object */;
			proxyType = 1;
			remoteGlobalIDString = D03306E11E83AC7E00996230;
			remoteInfo = Architecto;
		};
		D03307071E83AC7E00996230 /* PBXContainerItemProxy */ = {
			isa = PBXContainerItemProxy;
			containerPortal = D03306DA1E83AC7E00996230 /* Project object */;
			proxyType = 1;
			remoteGlobalIDString = D03306E11E83AC7E00996230;
			remoteInfo = Architecto;
		};
/* End PBXContainerItemProxy section */

/* Begin PBXFileReference section */
		02937558D2B443B6423D2EA3 /* libPods-Architecto.a */ = {isa = PBXFileReference; explicitFileType = archive.ar; includeInIndex = 0; path = "libPods-Architecto.a"; sourceTree = BUILT_PRODUCTS_DIR; };
		10BA5AEAE41A9E6ED778344E /* Pods-Architecto.debug.xcconfig */ = {isa = PBXFileReference; includeInIndex = 1; lastKnownFileType = text.xcconfig; name = "Pods-Architecto.debug.xcconfig"; path = "Pods/Target Support Files/Pods-Architecto/Pods-Architecto.debug.xcconfig"; sourceTree = "<group>"; };
		2C31FA81459ED0FCA8A223A6 /* libPods-ArchitectoUITests.a */ = {isa = PBXFileReference; explicitFileType = archive.ar; includeInIndex = 0; path = "libPods-ArchitectoUITests.a"; sourceTree = BUILT_PRODUCTS_DIR; };
		81F1A4125B79CE981252A6FC /* Pods-ArchitectoUITests.release.xcconfig */ = {isa = PBXFileReference; includeInIndex = 1; lastKnownFileType = text.xcconfig; name = "Pods-ArchitectoUITests.release.xcconfig"; path = "Pods/Target Support Files/Pods-ArchitectoUITests/Pods-ArchitectoUITests.release.xcconfig"; sourceTree = "<group>"; };
		B28FB60E07CC001D7153EF13 /* libPods-ArchitectoTests.a */ = {isa = PBXFileReference; explicitFileType = archive.ar; includeInIndex = 0; path = "libPods-ArchitectoTests.a"; sourceTree = BUILT_PRODUCTS_DIR; };
		CECB1CA32078AAF0180963A4 /* Pods-ArchitectoUITests.debug.xcconfig */ = {isa = PBXFileReference; includeInIndex = 1; lastKnownFileType = text.xcconfig; name = "Pods-ArchitectoUITests.debug.xcconfig"; path = "Pods/Target Support Files/Pods-ArchitectoUITests/Pods-ArchitectoUITests.debug.xcconfig"; sourceTree = "<group>"; };
		D03306E21E83AC7E00996230 /* Architecto.app */ = {isa = PBXFileReference; explicitFileType = wrapper.application; includeInIndex = 0; path = Architecto.app; sourceTree = BUILT_PRODUCTS_DIR; };
		D03306E61E83AC7E00996230 /* main.m */ = {isa = PBXFileReference; lastKnownFileType = sourcecode.c.objc; path = main.m; sourceTree = "<group>"; };
		D03306E81E83AC7E00996230 /* AppDelegate.h */ = {isa = PBXFileReference; lastKnownFileType = sourcecode.c.h; path = AppDelegate.h; sourceTree = "<group>"; };
		D03306E91E83AC7E00996230 /* AppDelegate.m */ = {isa = PBXFileReference; lastKnownFileType = sourcecode.c.objc; path = AppDelegate.m; sourceTree = "<group>"; };
		D03306EB1E83AC7E00996230 /* ViewController.h */ = {isa = PBXFileReference; lastKnownFileType = sourcecode.c.h; path = ViewController.h; sourceTree = "<group>"; };
		D03306EC1E83AC7E00996230 /* ViewController.m */ = {isa = PBXFileReference; lastKnownFileType = sourcecode.c.objc; path = ViewController.m; sourceTree = "<group>"; };
		D03306EF1E83AC7E00996230 /* Base */ = {isa = PBXFileReference; lastKnownFileType = file.storyboard; name = Base; path = Base.lproj/Main.storyboard; sourceTree = "<group>"; };
		D03306F11E83AC7E00996230 /* Assets.xcassets */ = {isa = PBXFileReference; lastKnownFileType = folder.assetcatalog; path = Assets.xcassets; sourceTree = "<group>"; };
		D03306F41E83AC7E00996230 /* Base */ = {isa = PBXFileReference; lastKnownFileType = file.storyboard; name = Base; path = Base.lproj/LaunchScreen.storyboard; sourceTree = "<group>"; };
		D03306F61E83AC7E00996230 /* Info.plist */ = {isa = PBXFileReference; lastKnownFileType = text.plist.xml; path = Info.plist; sourceTree = "<group>"; };
		D03306FB1E83AC7E00996230 /* ArchitectoTests.xctest */ = {isa = PBXFileReference; explicitFileType = wrapper.cfbundle; includeInIndex = 0; path = ArchitectoTests.xctest; sourceTree = BUILT_PRODUCTS_DIR; };
		D03306FF1E83AC7E00996230 /* ArchitectoTests.m */ = {isa = PBXFileReference; lastKnownFileType = sourcecode.c.objc; path = ArchitectoTests.m; sourceTree = "<group>"; };
		D03307011E83AC7E00996230 /* Info.plist */ = {isa = PBXFileReference; lastKnownFileType = text.plist.xml; path = Info.plist; sourceTree = "<group>"; };
		D03307061E83AC7E00996230 /* ArchitectoUITests.xctest */ = {isa = PBXFileReference; explicitFileType = wrapper.cfbundle; includeInIndex = 0; path = ArchitectoUITests.xctest; sourceTree = BUILT_PRODUCTS_DIR; };
		D033070A1E83AC7E00996230 /* ArchitectoUITests.m */ = {isa = PBXFileReference; lastKnownFileType = sourcecode.c.objc; path = ArchitectoUITests.m; sourceTree = "<group>"; };
		D033070C1E83AC7E00996230 /* Info.plist */ = {isa = PBXFileReference; lastKnownFileType = text.plist.xml; path = Info.plist; sourceTree = "<group>"; };
		D6D2EFD96FF2E10CF905E519 /* Pods-Architecto.release.xcconfig */ = {isa = PBXFileReference; includeInIndex = 1; lastKnownFileType = text.xcconfig; name = "Pods-Architecto.release.xcconfig"; path = "Pods/Target Support Files/Pods-Architecto/Pods-Architecto.release.xcconfig"; sourceTree = "<group>"; };
		E468B7414DFADC9231B73C5C /* Pods-ArchitectoTests.release.xcconfig */ = {isa = PBXFileReference; includeInIndex = 1; lastKnownFileType = text.xcconfig; name = "Pods-ArchitectoTests.release.xcconfig"; path = "Pods/Target Support Files/Pods-ArchitectoTests/Pods-ArchitectoTests.release.xcconfig"; sourceTree = "<group>"; };
		FEC0A85500A10CCA38F63E87 /* Pods-ArchitectoTests.debug.xcconfig */ = {isa = PBXFileReference; includeInIndex = 1; lastKnownFileType = text.xcconfig; name = "Pods-ArchitectoTests.debug.xcconfig"; path = "Pods/Target Support Files/Pods-ArchitectoTests/Pods-ArchitectoTests.debug.xcconfig"; sourceTree = "<group>"; };
/* End PBXFileReference section */

/* Begin PBXFrameworksBuildPhase section */
		D03306DF1E83AC7E00996230 /* Frameworks */ = {
			isa = PBXFrameworksBuildPhase;
			buildActionMask = 2147483647;
			files = (
				397F18B1C8F099A3368F6B7B /* libPods-Architecto.a in Frameworks */,
			);
			runOnlyForDeploymentPostprocessing = 0;
		};
		D03306F81E83AC7E00996230 /* Frameworks */ = {
			isa = PBXFrameworksBuildPhase;
			buildActionMask = 2147483647;
			files = (
				A86BE406014BBC9D168A4388 /* libPods-ArchitectoTests.a in Frameworks */,
			);
			runOnlyForDeploymentPostprocessing = 0;
		};
		D03307031E83AC7E00996230 /* Frameworks */ = {
			isa = PBXFrameworksBuildPhase;
			buildActionMask = 2147483647;
			files = (
				C38A03C208B0CE3DEA4FDD44 /* libPods-ArchitectoUITests.a in Frameworks */,
			);
			runOnlyForDeploymentPostprocessing = 0;
		};
/* End PBXFrameworksBuildPhase section */

/* Begin PBXGroup section */
		160E803EB37ED6106E8C5658 /* Frameworks */ = {
			isa = PBXGroup;
			children = (
				02937558D2B443B6423D2EA3 /* libPods-Architecto.a */,
				B28FB60E07CC001D7153EF13 /* libPods-ArchitectoTests.a */,
				2C31FA81459ED0FCA8A223A6 /* libPods-ArchitectoUITests.a */,
			);
			name = Frameworks;
			sourceTree = "<group>";
		};
		372A581FBF2F5B0DFDEF70A4 /* Pods */ = {
			isa = PBXGroup;
			children = (
				10BA5AEAE41A9E6ED778344E /* Pods-Architecto.debug.xcconfig */,
				D6D2EFD96FF2E10CF905E519 /* Pods-Architecto.release.xcconfig */,
				FEC0A85500A10CCA38F63E87 /* Pods-ArchitectoTests.debug.xcconfig */,
				E468B7414DFADC9231B73C5C /* Pods-ArchitectoTests.release.xcconfig */,
				CECB1CA32078AAF0180963A4 /* Pods-ArchitectoUITests.debug.xcconfig */,
				81F1A4125B79CE981252A6FC /* Pods-ArchitectoUITests.release.xcconfig */,
			);
			name = Pods;
			sourceTree = "<group>";
		};
		D03306D91E83AC7E00996230 = {
			isa = PBXGroup;
			children = (
				D03306E41E83AC7E00996230 /* Architecto */,
				D03306FE1E83AC7E00996230 /* ArchitectoTests */,
				D03307091E83AC7E00996230 /* ArchitectoUITests */,
				D03306E31E83AC7E00996230 /* Products */,
				372A581FBF2F5B0DFDEF70A4 /* Pods */,
				160E803EB37ED6106E8C5658 /* Frameworks */,
			);
			sourceTree = "<group>";
		};
		D03306E31E83AC7E00996230 /* Products */ = {
			isa = PBXGroup;
			children = (
				D03306E21E83AC7E00996230 /* Architecto.app */,
				D03306FB1E83AC7E00996230 /* ArchitectoTests.xctest */,
				D03307061E83AC7E00996230 /* ArchitectoUITests.xctest */,
			);
			name = Products;
			sourceTree = "<group>";
		};
		D03306E41E83AC7E00996230 /* Architecto */ = {
			isa = PBXGroup;
			children = (
				D03306E81E83AC7E00996230 /* AppDelegate.h */,
				D03306E91E83AC7E00996230 /* AppDelegate.m */,
				D03306EB1E83AC7E00996230 /* ViewController.h */,
				D03306EC1E83AC7E00996230 /* ViewController.m */,
				D03306EE1E83AC7E00996230 /* Main.storyboard */,
				D03306F11E83AC7E00996230 /* Assets.xcassets */,
				D03306F31E83AC7E00996230 /* LaunchScreen.storyboard */,
				D03306F61E83AC7E00996230 /* Info.plist */,
				D03306E51E83AC7E00996230 /* Supporting Files */,
			);
			path = Architecto;
			sourceTree = "<group>";
		};
		D03306E51E83AC7E00996230 /* Supporting Files */ = {
			isa = PBXGroup;
			children = (
				D03306E61E83AC7E00996230 /* main.m */,
			);
			name = "Supporting Files";
			sourceTree = "<group>";
		};
		D03306FE1E83AC7E00996230 /* ArchitectoTests */ = {
			isa = PBXGroup;
			children = (
				D03306FF1E83AC7E00996230 /* ArchitectoTests.m */,
				D03307011E83AC7E00996230 /* Info.plist */,
			);
			path = ArchitectoTests;
			sourceTree = "<group>";
		};
		D03307091E83AC7E00996230 /* ArchitectoUITests */ = {
			isa = PBXGroup;
			children = (
				D033070A1E83AC7E00996230 /* ArchitectoUITests.m */,
				D033070C1E83AC7E00996230 /* Info.plist */,
			);
			path = ArchitectoUITests;
			sourceTree = "<group>";
		};
/* End PBXGroup section */

/* Begin PBXNativeTarget section */
		D03306E11E83AC7E00996230 /* Architecto */ = {
			isa = PBXNativeTarget;
			buildConfigurationList = D033070F1E83AC7E00996230 /* Build configuration list for PBXNativeTarget "Architecto" */;
			buildPhases = (
				7141F114CFE0C622ADBF1ABA /* [CP] Check Pods Manifest.lock */,
				D03306DE1E83AC7E00996230 /* Sources */,
				D03306DF1E83AC7E00996230 /* Frameworks */,
				D03306E01E83AC7E00996230 /* Resources */,
				C267529C7D3CE87DC590EEC5 /* [CP] Embed Pods Frameworks */,
				41D09AA2A2C2B9EBDD167C9E /* [CP] Copy Pods Resources */,
			);
			buildRules = (
			);
			dependencies = (
			);
			name = Architecto;
			productName = Architecto;
			productReference = D03306E21E83AC7E00996230 /* Architecto.app */;
			productType = "com.apple.product-type.application";
		};
		D03306FA1E83AC7E00996230 /* ArchitectoTests */ = {
			isa = PBXNativeTarget;
			buildConfigurationList = D03307121E83AC7E00996230 /* Build configuration list for PBXNativeTarget "ArchitectoTests" */;
			buildPhases = (
				EE77088CADECDBFB58CDD24A /* [CP] Check Pods Manifest.lock */,
				D03306F71E83AC7E00996230 /* Sources */,
				D03306F81E83AC7E00996230 /* Frameworks */,
				D03306F91E83AC7E00996230 /* Resources */,
				590B4373B7D5D111CB07B82D /* [CP] Embed Pods Frameworks */,
				3386508BE904E73B706837B5 /* [CP] Copy Pods Resources */,
			);
			buildRules = (
			);
			dependencies = (
				D03306FD1E83AC7E00996230 /* PBXTargetDependency */,
			);
			name = ArchitectoTests;
			productName = ArchitectoTests;
			productReference = D03306FB1E83AC7E00996230 /* ArchitectoTests.xctest */;
			productType = "com.apple.product-type.bundle.unit-test";
		};
		D03307051E83AC7E00996230 /* ArchitectoUITests */ = {
			isa = PBXNativeTarget;
			buildConfigurationList = D03307151E83AC7E00996230 /* Build configuration list for PBXNativeTarget "ArchitectoUITests" */;
			buildPhases = (
				6FF05D0E337C9D5C17AE0B0A /* [CP] Check Pods Manifest.lock */,
				D03307021E83AC7E00996230 /* Sources */,
				D03307031E83AC7E00996230 /* Frameworks */,
				D03307041E83AC7E00996230 /* Resources */,
				2BF7129865D505B3BCF91E68 /* [CP] Embed Pods Frameworks */,
				6299EC1EEEB5EB717D1DFA04 /* [CP] Copy Pods Resources */,
			);
			buildRules = (
			);
			dependencies = (
				D03307081E83AC7E00996230 /* PBXTargetDependency */,
			);
			name = ArchitectoUITests;
			productName = ArchitectoUITests;
			productReference = D03307061E83AC7E00996230 /* ArchitectoUITests.xctest */;
			productType = "com.apple.product-type.bundle.ui-testing";
		};
/* End PBXNativeTarget section */

/* Begin PBXProject section */
		D03306DA1E83AC7E00996230 /* Project object */ = {
			isa = PBXProject;
			attributes = {
				LastUpgradeCheck = 0820;
				ORGANIZATIONNAME = "EXCAVUS TECHNOLOGIES";
				TargetAttributes = {
					D03306E11E83AC7E00996230 = {
						CreatedOnToolsVersion = 8.2.1;
						ProvisioningStyle = Automatic;
					};
					D03306FA1E83AC7E00996230 = {
						CreatedOnToolsVersion = 8.2.1;
						ProvisioningStyle = Automatic;
						TestTargetID = D03306E11E83AC7E00996230;
					};
					D03307051E83AC7E00996230 = {
						CreatedOnToolsVersion = 8.2.1;
						ProvisioningStyle = Automatic;
						TestTargetID = D03306E11E83AC7E00996230;
					};
				};
			};
			buildConfigurationList = D03306DD1E83AC7E00996230 /* Build configuration list for PBXProject "Architecto" */;
			compatibilityVersion = "Xcode 3.2";
			developmentRegion = English;
			hasScannedForEncodings = 0;
			knownRegions = (
				en,
				Base,
			);
			mainGroup = D03306D91E83AC7E00996230;
			productRefGroup = D03306E31E83AC7E00996230 /* Products */;
			projectDirPath = "";
			projectRoot = "";
			targets = (
				D03306E11E83AC7E00996230 /* Architecto */,
				D03306FA1E83AC7E00996230 /* ArchitectoTests */,
				D03307051E83AC7E00996230 /* ArchitectoUITests */,
			);
		};
/* End PBXProject section */

/* Begin PBXResourcesBuildPhase section */
		D03306E01E83AC7E00996230 /* Resources */ = {
			isa = PBXResourcesBuildPhase;
			buildActionMask = 2147483647;
			files = (
				D03306F51E83AC7E00996230 /* LaunchScreen.storyboard in Resources */,
				D03306F21E83AC7E00996230 /* Assets.xcassets in Resources */,
				D03306F01E83AC7E00996230 /* Main.storyboard in Resources */,
			);
			runOnlyForDeploymentPostprocessing = 0;
		};
		D03306F91E83AC7E00996230 /* Resources */ = {
			isa = PBXResourcesBuildPhase;
			buildActionMask = 2147483647;
			files = (
			);
			runOnlyForDeploymentPostprocessing = 0;
		};
		D03307041E83AC7E00996230 /* Resources */ = {
			isa = PBXResourcesBuildPhase;
			buildActionMask = 2147483647;
			files = (
			);
			runOnlyForDeploymentPostprocessing = 0;
		};
/* End PBXResourcesBuildPhase section */

/* Begin PBXShellScriptBuildPhase section */
		2BF7129865D505B3BCF91E68 /* [CP] Embed Pods Frameworks */ = {
			isa = PBXShellScriptBuildPhase;
			buildActionMask = 2147483647;
			files = (
			);
			inputPaths = (
			);
			name = "[CP] Embed Pods Frameworks";
			outputPaths = (
			);
			runOnlyForDeploymentPostprocessing = 0;
			shellPath = /bin/sh;
			shellScript = "\"${SRCROOT}/Pods/Target Support Files/Pods-ArchitectoUITests/Pods-ArchitectoUITests-frameworks.sh\"\n";
			showEnvVarsInLog = 0;
		};
		3386508BE904E73B706837B5 /* [CP] Copy Pods Resources */ = {
			isa = PBXShellScriptBuildPhase;
			buildActionMask = 2147483647;
			files = (
			);
			inputPaths = (
			);
			name = "[CP] Copy Pods Resources";
			outputPaths = (
			);
			runOnlyForDeploymentPostprocessing = 0;
			shellPath = /bin/sh;
			shellScript = "\"${SRCROOT}/Pods/Target Support Files/Pods-ArchitectoTests/Pods-ArchitectoTests-resources.sh\"\n";
			showEnvVarsInLog = 0;
		};
		41D09AA2A2C2B9EBDD167C9E /* [CP] Copy Pods Resources */ = {
			isa = PBXShellScriptBuildPhase;
			buildActionMask = 2147483647;
			files = (
			);
			inputPaths = (
			);
			name = "[CP] Copy Pods Resources";
			outputPaths = (
			);
			runOnlyForDeploymentPostprocessing = 0;
			shellPath = /bin/sh;
			shellScript = "\"${SRCROOT}/Pods/Target Support Files/Pods-Architecto/Pods-Architecto-resources.sh\"\n";
			showEnvVarsInLog = 0;
		};
		590B4373B7D5D111CB07B82D /* [CP] Embed Pods Frameworks */ = {
			isa = PBXShellScriptBuildPhase;
			buildActionMask = 2147483647;
			files = (
			);
			inputPaths = (
			);
			name = "[CP] Embed Pods Frameworks";
			outputPaths = (
			);
			runOnlyForDeploymentPostprocessing = 0;
			shellPath = /bin/sh;
			shellScript = "\"${SRCROOT}/Pods/Target Support Files/Pods-ArchitectoTests/Pods-ArchitectoTests-frameworks.sh\"\n";
			showEnvVarsInLog = 0;
		};
		6299EC1EEEB5EB717D1DFA04 /* [CP] Copy Pods Resources */ = {
			isa = PBXShellScriptBuildPhase;
			buildActionMask = 2147483647;
			files = (
			);
			inputPaths = (
			);
			name = "[CP] Copy Pods Resources";
			outputPaths = (
			);
			runOnlyForDeploymentPostprocessing = 0;
			shellPath = /bin/sh;
			shellScript = "\"${SRCROOT}/Pods/Target Support Files/Pods-ArchitectoUITests/Pods-ArchitectoUITests-resources.sh\"\n";
			showEnvVarsInLog = 0;
		};
		6FF05D0E337C9D5C17AE0B0A /* [CP] Check Pods Manifest.lock */ = {
			isa = PBXShellScriptBuildPhase;
			buildActionMask = 2147483647;
			files = (
			);
			inputPaths = (
			);
			name = "[CP] Check Pods Manifest.lock";
			outputPaths = (
			);
			runOnlyForDeploymentPostprocessing = 0;
			shellPath = /bin/sh;
			shellScript = "diff \"${PODS_ROOT}/../Podfile.lock\" \"${PODS_ROOT}/Manifest.lock\" > /dev/null\nif [ $? != 0 ] ; then\n    # print error to STDERR\n    echo \"error: The sandbox is not in sync with the Podfile.lock. Run 'pod install' or update your CocoaPods installation.\" >&2\n    exit 1\nfi\n";
			showEnvVarsInLog = 0;
		};
		7141F114CFE0C622ADBF1ABA /* [CP] Check Pods Manifest.lock */ = {
			isa = PBXShellScriptBuildPhase;
			buildActionMask = 2147483647;
			files = (
			);
			inputPaths = (
			);
			name = "[CP] Check Pods Manifest.lock";
			outputPaths = (
			);
			runOnlyForDeploymentPostprocessing = 0;
			shellPath = /bin/sh;
			shellScript = "diff \"${PODS_ROOT}/../Podfile.lock\" \"${PODS_ROOT}/Manifest.lock\" > /dev/null\nif [ $? != 0 ] ; then\n    # print error to STDERR\n    echo \"error: The sandbox is not in sync with the Podfile.lock. Run 'pod install' or update your CocoaPods installation.\" >&2\n    exit 1\nfi\n";
			showEnvVarsInLog = 0;
		};
		C267529C7D3CE87DC590EEC5 /* [CP] Embed Pods Frameworks */ = {
			isa = PBXShellScriptBuildPhase;
			buildActionMask = 2147483647;
			files = (
			);
			inputPaths = (
			);
			name = "[CP] Embed Pods Frameworks";
			outputPaths = (
			);
			runOnlyForDeploymentPostprocessing = 0;
			shellPath = /bin/sh;
			shellScript = "\"${SRCROOT}/Pods/Target Support Files/Pods-Architecto/Pods-Architecto-frameworks.sh\"\n";
			showEnvVarsInLog = 0;
		};
		EE77088CADECDBFB58CDD24A /* [CP] Check Pods Manifest.lock */ = {
			isa = PBXShellScriptBuildPhase;
			buildActionMask = 2147483647;
			files = (
			);
			inputPaths = (
			);
			name = "[CP] Check Pods Manifest.lock";
			outputPaths = (
			);
			runOnlyForDeploymentPostprocessing = 0;
			shellPath = /bin/sh;
			shellScript = "diff \"${PODS_ROOT}/../Podfile.lock\" \"${PODS_ROOT}/Manifest.lock\" > /dev/null\nif [ $? != 0 ] ; then\n    # print error to STDERR\n    echo \"error: The sandbox is not in sync with the Podfile.lock. Run 'pod install' or update your CocoaPods installation.\" >&2\n    exit 1\nfi\n";
			showEnvVarsInLog = 0;
		};
/* End PBXShellScriptBuildPhase section */

/* Begin PBXSourcesBuildPhase section */
		D03306DE1E83AC7E00996230 /* Sources */ = {
			isa = PBXSourcesBuildPhase;
			buildActionMask = 2147483647;
			files = (
				D03306ED1E83AC7E00996230 /* ViewController.m in Sources */,
				D03306EA1E83AC7E00996230 /* AppDelegate.m in Sources */,
				D03306E71E83AC7E00996230 /* main.m in Sources */,
			);
			runOnlyForDeploymentPostprocessing = 0;
		};
		D03306F71E83AC7E00996230 /* Sources */ = {
			isa = PBXSourcesBuildPhase;
			buildActionMask = 2147483647;
			files = (
				D03307001E83AC7E00996230 /* ArchitectoTests.m in Sources */,
			);
			runOnlyForDeploymentPostprocessing = 0;
		};
		D03307021E83AC7E00996230 /* Sources */ = {
			isa = PBXSourcesBuildPhase;
			buildActionMask = 2147483647;
			files = (
				D033070B1E83AC7E00996230 /* ArchitectoUITests.m in Sources */,
			);
			runOnlyForDeploymentPostprocessing = 0;
		};
/* End PBXSourcesBuildPhase section */

/* Begin PBXTargetDependency section */
		D03306FD1E83AC7E00996230 /* PBXTargetDependency */ = {
			isa = PBXTargetDependency;
			target = D03306E11E83AC7E00996230 /* Architecto */;
			targetProxy = D03306FC1E83AC7E00996230 /* PBXContainerItemProxy */;
		};
		D03307081E83AC7E00996230 /* PBXTargetDependency */ = {
			isa = PBXTargetDependency;
			target = D03306E11E83AC7E00996230 /* Architecto */;
			targetProxy = D03307071E83AC7E00996230 /* PBXContainerItemProxy */;
		};
/* End PBXTargetDependency section */

/* Begin PBXVariantGroup section */
		D03306EE1E83AC7E00996230 /* Main.storyboard */ = {
			isa = PBXVariantGroup;
			children = (
				D03306EF1E83AC7E00996230 /* Base */,
			);
			name = Main.storyboard;
			sourceTree = "<group>";
		};
		D03306F31E83AC7E00996230 /* LaunchScreen.storyboard */ = {
			isa = PBXVariantGroup;
			children = (
				D03306F41E83AC7E00996230 /* Base */,
			);
			name = LaunchScreen.storyboard;
			sourceTree = "<group>";
		};
/* End PBXVariantGroup section */

/* Begin XCBuildConfiguration section */
		D033070D1E83AC7E00996230 /* Debug */ = {
			isa = XCBuildConfiguration;
			buildSettings = {
				ALWAYS_SEARCH_USER_PATHS = NO;
				CLANG_ANALYZER_NONNULL = YES;
				CLANG_CXX_LANGUAGE_STANDARD = "gnu++0x";
				CLANG_CXX_LIBRARY = "libc++";
				CLANG_ENABLE_MODULES = YES;
				CLANG_ENABLE_OBJC_ARC = YES;
				CLANG_WARN_BOOL_CONVERSION = YES;
				CLANG_WARN_CONSTANT_CONVERSION = YES;
				CLANG_WARN_DIRECT_OBJC_ISA_USAGE = YES_ERROR;
				CLANG_WARN_DOCUMENTATION_COMMENTS = YES;
				CLANG_WARN_EMPTY_BODY = YES;
				CLANG_WARN_ENUM_CONVERSION = YES;
				CLANG_WARN_INFINITE_RECURSION = YES;
				CLANG_WARN_INT_CONVERSION = YES;
				CLANG_WARN_OBJC_ROOT_CLASS = YES_ERROR;
				CLANG_WARN_SUSPICIOUS_MOVE = YES;
				CLANG_WARN_UNREACHABLE_CODE = YES;
				CLANG_WARN__DUPLICATE_METHOD_MATCH = YES;
				"CODE_SIGN_IDENTITY[sdk=iphoneos*]" = "iPhone Developer";
				COPY_PHASE_STRIP = NO;
				DEBUG_INFORMATION_FORMAT = dwarf;
				ENABLE_STRICT_OBJC_MSGSEND = YES;
				ENABLE_TESTABILITY = YES;
				GCC_C_LANGUAGE_STANDARD = gnu99;
				GCC_DYNAMIC_NO_PIC = NO;
				GCC_NO_COMMON_BLOCKS = YES;
				GCC_OPTIMIZATION_LEVEL = 0;
				GCC_PREPROCESSOR_DEFINITIONS = (
					"DEBUG=1",
					"$(inherited)",
				);
				GCC_WARN_64_TO_32_BIT_CONVERSION = YES;
				GCC_WARN_ABOUT_RETURN_TYPE = YES_ERROR;
				GCC_WARN_UNDECLARED_SELECTOR = YES;
				GCC_WARN_UNINITIALIZED_AUTOS = YES_AGGRESSIVE;
				GCC_WARN_UNUSED_FUNCTION = YES;
				GCC_WARN_UNUSED_VARIABLE = YES;
				IPHONEOS_DEPLOYMENT_TARGET = 10.2;
				MTL_ENABLE_DEBUG_INFO = YES;
				ONLY_ACTIVE_ARCH = YES;
				SDKROOT = iphoneos;
			};
			name = Debug;
		};
		D033070E1E83AC7E00996230 /* Release */ = {
			isa = XCBuildConfiguration;
			buildSettings = {
				ALWAYS_SEARCH_USER_PATHS = NO;
				CLANG_ANALYZER_NONNULL = YES;
				CLANG_CXX_LANGUAGE_STANDARD = "gnu++0x";
				CLANG_CXX_LIBRARY = "libc++";
				CLANG_ENABLE_MODULES = YES;
				CLANG_ENABLE_OBJC_ARC = YES;
				CLANG_WARN_BOOL_CONVERSION = YES;
				CLANG_WARN_CONSTANT_CONVERSION = YES;
				CLANG_WARN_DIRECT_OBJC_ISA_USAGE = YES_ERROR;
				CLANG_WARN_DOCUMENTATION_COMMENTS = YES;
				CLANG_WARN_EMPTY_BODY = YES;
				CLANG_WARN_ENUM_CONVERSION = YES;
				CLANG_WARN_INFINITE_RECURSION = YES;
				CLANG_WARN_INT_CONVERSION = YES;
				CLANG_WARN_OBJC_ROOT_CLASS = YES_ERROR;
				CLANG_WARN_SUSPICIOUS_MOVE = YES;
				CLANG_WARN_UNREACHABLE_CODE = YES;
				CLANG_WARN__DUPLICATE_METHOD_MATCH = YES;
				"CODE_SIGN_IDENTITY[sdk=iphoneos*]" = "iPhone Developer";
				COPY_PHASE_STRIP = NO;
				DEBUG_INFORMATION_FORMAT = "dwarf-with-dsym";
				ENABLE_NS_ASSERTIONS = NO;
				ENABLE_STRICT_OBJC_MSGSEND = YES;
				GCC_C_LANGUAGE_STANDARD = gnu99;
				GCC_NO_COMMON_BLOCKS = YES;
				GCC_WARN_64_TO_32_BIT_CONVERSION = YES;
				GCC_WARN_ABOUT_RETURN_TYPE = YES_ERROR;
				GCC_WARN_UNDECLARED_SELECTOR = YES;
				GCC_WARN_UNINITIALIZED_AUTOS = YES_AGGRESSIVE;
				GCC_WARN_UNUSED_FUNCTION = YES;
				GCC_WARN_UNUSED_VARIABLE = YES;
				IPHONEOS_DEPLOYMENT_TARGET = 10.2;
				MTL_ENABLE_DEBUG_INFO = NO;
				SDKROOT = iphoneos;
				VALIDATE_PRODUCT = YES;
			};
			name = Release;
		};
		D03307101E83AC7E00996230 /* Debug */ = {
			isa = XCBuildConfiguration;
			baseConfigurationReference = 10BA5AEAE41A9E6ED778344E /* Pods-Architecto.debug.xcconfig */;
			buildSettings = {
				ASSETCATALOG_COMPILER_APPICON_NAME = AppIcon;
				INFOPLIST_FILE = Architecto/Info.plist;
				LD_RUNPATH_SEARCH_PATHS = "$(inherited) @executable_path/Frameworks";
				PRODUCT_BUNDLE_IDENTIFIER = com.excavus.Architecto;
				PRODUCT_NAME = "$(TARGET_NAME)";
			};
			name = Debug;
		};
		D03307111E83AC7E00996230 /* Release */ = {
			isa = XCBuildConfiguration;
			baseConfigurationReference = D6D2EFD96FF2E10CF905E519 /* Pods-Architecto.release.xcconfig */;
			buildSettings = {
				ASSETCATALOG_COMPILER_APPICON_NAME = AppIcon;
				INFOPLIST_FILE = Architecto/Info.plist;
				LD_RUNPATH_SEARCH_PATHS = "$(inherited) @executable_path/Frameworks";
				PRODUCT_BUNDLE_IDENTIFIER = com.excavus.Architecto;
				PRODUCT_NAME = "$(TARGET_NAME)";
			};
			name = Release;
		};
		D03307131E83AC7E00996230 /* Debug */ = {
			isa = XCBuildConfiguration;
			baseConfigurationReference = FEC0A85500A10CCA38F63E87 /* Pods-ArchitectoTests.debug.xcconfig */;
			buildSettings = {
				BUNDLE_LOADER = "$(TEST_HOST)";
				INFOPLIST_FILE = ArchitectoTests/Info.plist;
				LD_RUNPATH_SEARCH_PATHS = "$(inherited) @executable_path/Frameworks @loader_path/Frameworks";
				PRODUCT_BUNDLE_IDENTIFIER = com.excavus.ArchitectoTests;
				PRODUCT_NAME = "$(TARGET_NAME)";
				TEST_HOST = "$(BUILT_PRODUCTS_DIR)/Architecto.app/Architecto";
			};
			name = Debug;
		};
		D03307141E83AC7E00996230 /* Release */ = {
			isa = XCBuildConfiguration;
			baseConfigurationReference = E468B7414DFADC9231B73C5C /* Pods-ArchitectoTests.release.xcconfig */;
			buildSettings = {
				BUNDLE_LOADER = "$(TEST_HOST)";
				INFOPLIST_FILE = ArchitectoTests/Info.plist;
				LD_RUNPATH_SEARCH_PATHS = "$(inherited) @executable_path/Frameworks @loader_path/Frameworks";
				PRODUCT_BUNDLE_IDENTIFIER = com.excavus.ArchitectoTests;
				PRODUCT_NAME = "$(TARGET_NAME)";
				TEST_HOST = "$(BUILT_PRODUCTS_DIR)/Architecto.app/Architecto";
			};
			name = Release;
		};
		D03307161E83AC7E00996230 /* Debug */ = {
			isa = XCBuildConfiguration;
			baseConfigurationReference = CECB1CA32078AAF0180963A4 /* Pods-ArchitectoUITests.debug.xcconfig */;
			buildSettings = {
				INFOPLIST_FILE = ArchitectoUITests/Info.plist;
				LD_RUNPATH_SEARCH_PATHS = "$(inherited) @executable_path/Frameworks @loader_path/Frameworks";
				PRODUCT_BUNDLE_IDENTIFIER = com.excavus.ArchitectoUITests;
				PRODUCT_NAME = "$(TARGET_NAME)";
				TEST_TARGET_NAME = Architecto;
			};
			name = Debug;
		};
		D03307171E83AC7E00996230 /* Release */ = {
			isa = XCBuildConfiguration;
			baseConfigurationReference = 81F1A4125B79CE981252A6FC /* Pods-ArchitectoUITests.release.xcconfig */;
			buildSettings = {
				INFOPLIST_FILE = ArchitectoUITests/Info.plist;
				LD_RUNPATH_SEARCH_PATHS = "$(inherited) @executable_path/Frameworks @loader_path/Frameworks";
				PRODUCT_BUNDLE_IDENTIFIER = com.excavus.ArchitectoUITests;
				PRODUCT_NAME = "$(TARGET_NAME)";
				TEST_TARGET_NAME = Architecto;
			};
			name = Release;
		};
/* End XCBuildConfiguration section */

/* Begin XCConfigurationList section */
		D03306DD1E83AC7E00996230 /* Build configuration list for PBXProject "Architecto" */ = {
			isa = XCConfigurationList;
			buildConfigurations = (
				D033070D1E83AC7E00996230 /* Debug */,
				D033070E1E83AC7E00996230 /* Release */,
			);
			defaultConfigurationIsVisible = 0;
			defaultConfigurationName = Release;
		};
		D033070F1E83AC7E00996230 /* Build configuration list for PBXNativeTarget "Architecto" */ = {
			isa = XCConfigurationList;
			buildConfigurations = (
				D03307101E83AC7E00996230 /* Debug */,
				D03307111E83AC7E00996230 /* Release */,
			);
			defaultConfigurationIsVisible = 0;
		};
		D03307121E83AC7E00996230 /* Build configuration list for PBXNativeTarget "ArchitectoTests" */ = {
			isa = XCConfigurationList;
			buildConfigurations = (
				D03307131E83AC7E00996230 /* Debug */,
				D03307141E83AC7E00996230 /* Release */,
			);
			defaultConfigurationIsVisible = 0;
		};
		D03307151E83AC7E00996230 /* Build configuration list for PBXNativeTarget "ArchitectoUITests" */ = {
			isa = XCConfigurationList;
			buildConfigurations = (
				D03307161E83AC7E00996230 /* Debug */,
				D03307171E83AC7E00996230 /* Release */,
			);
			defaultConfigurationIsVisible = 0;
		};
/* End XCConfigurationList section */
	};
	rootObject = D03306DA1E83AC7E00996230 /* Project object */;
}
